// !$*UTF8*$!
{
	archiveVersion = 1;
	classes = {
	};
	objectVersion = 50;
	objects = {

/* Begin PBXBuildFile section */
		68B4275826491356008F9D76 /* AppDelegate.swift in Sources */ = {isa = PBXBuildFile; fileRef = 68B4275726491356008F9D76 /* AppDelegate.swift */; };
		68B4275A26491356008F9D76 /* SceneDelegate.swift in Sources */ = {isa = PBXBuildFile; fileRef = 68B4275926491356008F9D76 /* SceneDelegate.swift */; };
		68B4275F26491356008F9D76 /* Main.storyboard in Resources */ = {isa = PBXBuildFile; fileRef = 68B4275D26491356008F9D76 /* Main.storyboard */; };
		68B4276126491357008F9D76 /* Assets.xcassets in Resources */ = {isa = PBXBuildFile; fileRef = 68B4276026491357008F9D76 /* Assets.xcassets */; };
		68B4276426491357008F9D76 /* LaunchScreen.storyboard in Resources */ = {isa = PBXBuildFile; fileRef = 68B4276226491357008F9D76 /* LaunchScreen.storyboard */; };
		68B4276E26491C94008F9D76 /* PhotosCollectionViewController.swift in Sources */ = {isa = PBXBuildFile; fileRef = 68B4276D26491C94008F9D76 /* PhotosCollectionViewController.swift */; };
		68B4277326492729008F9D76 /* PhotoCell.swift in Sources */ = {isa = PBXBuildFile; fileRef = 68B4277226492729008F9D76 /* PhotoCell.swift */; };
/* End PBXBuildFile section */

/* Begin PBXFileReference section */
		68B4275426491356008F9D76 /* PhotoTaps.app */ = {isa = PBXFileReference; explicitFileType = wrapper.application; includeInIndex = 0; path = PhotoTaps.app; sourceTree = BUILT_PRODUCTS_DIR; };
		68B4275726491356008F9D76 /* AppDelegate.swift */ = {isa = PBXFileReference; lastKnownFileType = sourcecode.swift; path = AppDelegate.swift; sourceTree = "<group>"; };
		68B4275926491356008F9D76 /* SceneDelegate.swift */ = {isa = PBXFileReference; lastKnownFileType = sourcecode.swift; path = SceneDelegate.swift; sourceTree = "<group>"; };
		68B4275E26491356008F9D76 /* Base */ = {isa = PBXFileReference; lastKnownFileType = file.storyboard; name = Base; path = Base.lproj/Main.storyboard; sourceTree = "<group>"; };
		68B4276026491357008F9D76 /* Assets.xcassets */ = {isa = PBXFileReference; lastKnownFileType = folder.assetcatalog; path = Assets.xcassets; sourceTree = "<group>"; };
		68B4276326491357008F9D76 /* Base */ = {isa = PBXFileReference; lastKnownFileType = file.storyboard; name = Base; path = Base.lproj/LaunchScreen.storyboard; sourceTree = "<group>"; };
		68B4276526491357008F9D76 /* Info.plist */ = {isa = PBXFileReference; lastKnownFileType = text.plist.xml; path = Info.plist; sourceTree = "<group>"; };
		68B4276D26491C94008F9D76 /* PhotosCollectionViewController.swift */ = {isa = PBXFileReference; lastKnownFileType = sourcecode.swift; name = PhotosCollectionViewController.swift; path = HelloCollection/ViewControllers/PhotosCollectionViewController.swift; sourceTree = SOURCE_ROOT; };
		68B4277226492729008F9D76 /* PhotoCell.swift */ = {isa = PBXFileReference; lastKnownFileType = sourcecode.swift; path = PhotoCell.swift; sourceTree = "<group>"; };
/* End PBXFileReference section */

/* Begin PBXFrameworksBuildPhase section */
		68B4275126491356008F9D76 /* Frameworks */ = {
			isa = PBXFrameworksBuildPhase;
			buildActionMask = 2147483647;
			files = (
			);
			runOnlyForDeploymentPostprocessing = 0;
		};
/* End PBXFrameworksBuildPhase section */

/* Begin PBXGroup section */
		68B4274B26491356008F9D76 = {
			isa = PBXGroup;
			children = (
				68B4275626491356008F9D76 /* HelloCollection */,
				68B4275526491356008F9D76 /* Products */,
			);
			sourceTree = "<group>";
		};
		68B4275526491356008F9D76 /* Products */ = {
			isa = PBXGroup;
			children = (
				68B4275426491356008F9D76 /* PhotoTaps.app */,
			);
			name = Products;
			sourceTree = "<group>";
		};
		68B4275626491356008F9D76 /* HelloCollection */ = {
			isa = PBXGroup;
			children = (
				68B4276B26491995008F9D76 /* Storyboards */,
				68B4276C264919B5008F9D76 /* ViewControllers */,
				68B4277126492485008F9D76 /* Models */,
				68B4276F26492401008F9D76 /* Supporting */,
				68B4277026492462008F9D76 /* Resources */,
			);
			path = HelloCollection;
			sourceTree = "<group>";
		};
		68B4276B26491995008F9D76 /* Storyboards */ = {
			isa = PBXGroup;
			children = (
				68B4275D26491356008F9D76 /* Main.storyboard */,
				68B4276226491357008F9D76 /* LaunchScreen.storyboard */,
			);
			path = Storyboards;
			sourceTree = "<group>";
		};
		68B4276C264919B5008F9D76 /* ViewControllers */ = {
			isa = PBXGroup;
			children = (
				68B4276D26491C94008F9D76 /* PhotosCollectionViewController.swift */,
				68B4277226492729008F9D76 /* PhotoCell.swift */,
			);
			path = ViewControllers;
			sourceTree = "<group>";
		};
		68B4276F26492401008F9D76 /* Supporting */ = {
			isa = PBXGroup;
			children = (
				68B4276526491357008F9D76 /* Info.plist */,
				68B4275926491356008F9D76 /* SceneDelegate.swift */,
				68B4275726491356008F9D76 /* AppDelegate.swift */,
			);
			path = Supporting;
			sourceTree = "<group>";
		};
		68B4277026492462008F9D76 /* Resources */ = {
			isa = PBXGroup;
			children = (
				68B4276026491357008F9D76 /* Assets.xcassets */,
			);
			path = Resources;
			sourceTree = "<group>";
		};
		68B4277126492485008F9D76 /* Models */ = {
			isa = PBXGroup;
			children = (
			);
			path = Models;
			sourceTree = "<group>";
		};
/* End PBXGroup section */

/* Begin PBXNativeTarget section */
		68B4275326491356008F9D76 /* PhotoTaps */ = {
			isa = PBXNativeTarget;
			buildConfigurationList = 68B4276826491357008F9D76 /* Build configuration list for PBXNativeTarget "PhotoTaps" */;
			buildPhases = (
				68B4275026491356008F9D76 /* Sources */,
				68B4275126491356008F9D76 /* Frameworks */,
				68B4275226491356008F9D76 /* Resources */,
			);
			buildRules = (
			);
			dependencies = (
			);
			name = PhotoTaps;
			productName = HelloCollection;
			productReference = 68B4275426491356008F9D76 /* PhotoTaps.app */;
			productType = "com.apple.product-type.application";
		};
/* End PBXNativeTarget section */

/* Begin PBXProject section */
		68B4274C26491356008F9D76 /* Project object */ = {
			isa = PBXProject;
			attributes = {
				LastSwiftUpdateCheck = 1250;
				LastUpgradeCheck = 1250;
				TargetAttributes = {
					68B4275326491356008F9D76 = {
						CreatedOnToolsVersion = 12.5;
					};
				};
			};
			buildConfigurationList = 68B4274F26491356008F9D76 /* Build configuration list for PBXProject "PhotoTaps" */;
			compatibilityVersion = "Xcode 9.3";
			developmentRegion = en;
			hasScannedForEncodings = 0;
			knownRegions = (
				en,
				Base,
			);
			mainGroup = 68B4274B26491356008F9D76;
			productRefGroup = 68B4275526491356008F9D76 /* Products */;
			projectDirPath = "";
			projectRoot = "";
			targets = (
				68B4275326491356008F9D76 /* PhotoTaps */,
			);
		};
/* End PBXProject section */

/* Begin PBXResourcesBuildPhase section */
		68B4275226491356008F9D76 /* Resources */ = {
			isa = PBXResourcesBuildPhase;
			buildActionMask = 2147483647;
			files = (
				68B4276426491357008F9D76 /* LaunchScreen.storyboard in Resources */,
				68B4276126491357008F9D76 /* Assets.xcassets in Resources */,
				68B4275F26491356008F9D76 /* Main.storyboard in Resources */,
			);
			runOnlyForDeploymentPostprocessing = 0;
		};
/* End PBXResourcesBuildPhase section */

/* Begin PBXSourcesBuildPhase section */
		68B4275026491356008F9D76 /* Sources */ = {
			isa = PBXSourcesBuildPhase;
			buildActionMask = 2147483647;
			files = (
				68B4277326492729008F9D76 /* PhotoCell.swift in Sources */,
				68B4275826491356008F9D76 /* AppDelegate.swift in Sources */,
				68B4275A26491356008F9D76 /* SceneDelegate.swift in Sources */,
				68B4276E26491C94008F9D76 /* PhotosCollectionViewController.swift in Sources */,
			);
			runOnlyForDeploymentPostprocessing = 0;
		};
/* End PBXSourcesBuildPhase section */

/* Begin PBXVariantGroup section */
		68B4275D26491356008F9D76 /* Main.storyboard */ = {
			isa = PBXVariantGroup;
			children = (
				68B4275E26491356008F9D76 /* Base */,
			);
			name = Main.storyboard;
			sourceTree = "<group>";
		};
		68B4276226491357008F9D76 /* LaunchScreen.storyboard */ = {
			isa = PBXVariantGroup;
			children = (
				68B4276326491357008F9D76 /* Base */,
			);
			name = LaunchScreen.storyboard;
			sourceTree = "<group>";
		};
/* End PBXVariantGroup section */

/* Begin XCBuildConfiguration section */
		68B4276626491357008F9D76 /* Debug */ = {
			isa = XCBuildConfiguration;
			buildSettings = {
				ALWAYS_SEARCH_USER_PATHS = NO;
				CLANG_ANALYZER_NONNULL = YES;
				CLANG_ANALYZER_NUMBER_OBJECT_CONVERSION = YES_AGGRESSIVE;
				CLANG_CXX_LANGUAGE_STANDARD = "gnu++14";
				CLANG_CXX_LIBRARY = "libc++";
				CLANG_ENABLE_MODULES = YES;
				CLANG_ENABLE_OBJC_ARC = YES;
				CLANG_ENABLE_OBJC_WEAK = YES;
				CLANG_WARN_BLOCK_CAPTURE_AUTORELEASING = YES;
				CLANG_WARN_BOOL_CONVERSION = YES;
				CLANG_WARN_COMMA = YES;
				CLANG_WARN_CONSTANT_CONVERSION = YES;
				CLANG_WARN_DEPRECATED_OBJC_IMPLEMENTATIONS = YES;
				CLANG_WARN_DIRECT_OBJC_ISA_USAGE = YES_ERROR;
				CLANG_WARN_DOCUMENTATION_COMMENTS = YES;
				CLANG_WARN_EMPTY_BODY = YES;
				CLANG_WARN_ENUM_CONVERSION = YES;
				CLANG_WARN_INFINITE_RECURSION = YES;
				CLANG_WARN_INT_CONVERSION = YES;
				CLANG_WARN_NON_LITERAL_NULL_CONVERSION = YES;
				CLANG_WARN_OBJC_IMPLICIT_RETAIN_SELF = YES;
				CLANG_WARN_OBJC_LITERAL_CONVERSION = YES;
				CLANG_WARN_OBJC_ROOT_CLASS = YES_ERROR;
				CLANG_WARN_QUOTED_INCLUDE_IN_FRAMEWORK_HEADER = YES;
				CLANG_WARN_RANGE_LOOP_ANALYSIS = YES;
				CLANG_WARN_STRICT_PROTOTYPES = YES;
				CLANG_WARN_SUSPICIOUS_MOVE = YES;
				CLANG_WARN_UNGUARDED_AVAILABILITY = YES_AGGRESSIVE;
				CLANG_WARN_UNREACHABLE_CODE = YES;
				CLANG_WARN__DUPLICATE_METHOD_MATCH = YES;
				COPY_PHASE_STRIP = NO;
				DEBUG_INFORMATION_FORMAT = dwarf;
				ENABLE_STRICT_OBJC_MSGSEND = YES;
				ENABLE_TESTABILITY = YES;
				GCC_C_LANGUAGE_STANDARD = gnu11;
				GCC_DYNAMIC_NO_PIC = NO;
				GCC_NO_COMMON_BLOCKS = YES;
				GCC_OPTIMIZATION_LEVEL = 0;
				GCC_PREPROCESSOR_DEFINITIONS = (
					"DEBUG=1",
					"$(inherited)",
				);
				GCC_WARN_64_TO_32_BIT_CONVERSION = YES;
				GCC_WARN_ABOUT_RETURN_TYPE = YES_ERROR;
				GCC_WARN_UNDECLARED_SELECTOR = YES;
				GCC_WARN_UNINITIALIZED_AUTOS = YES_AGGRESSIVE;
				GCC_WARN_UNUSED_FUNCTION = YES;
				GCC_WARN_UNUSED_VARIABLE = YES;
				IPHONEOS_DEPLOYMENT_TARGET = 14.5;
				MTL_ENABLE_DEBUG_INFO = INCLUDE_SOURCE;
				MTL_FAST_MATH = YES;
				ONLY_ACTIVE_ARCH = YES;
				SDKROOT = iphoneos;
				SWIFT_ACTIVE_COMPILATION_CONDITIONS = DEBUG;
				SWIFT_OPTIMIZATION_LEVEL = "-Onone";
			};
			name = Debug;
		};
		68B4276726491357008F9D76 /* Release */ = {
			isa = XCBuildConfiguration;
			buildSettings = {
				ALWAYS_SEARCH_USER_PATHS = NO;
				CLANG_ANALYZER_NONNULL = YES;
				CLANG_ANALYZER_NUMBER_OBJECT_CONVERSION = YES_AGGRESSIVE;
				CLANG_CXX_LANGUAGE_STANDARD = "gnu++14";
				CLANG_CXX_LIBRARY = "libc++";
				CLANG_ENABLE_MODULES = YES;
				CLANG_ENABLE_OBJC_ARC = YES;
				CLANG_ENABLE_OBJC_WEAK = YES;
				CLANG_WARN_BLOCK_CAPTURE_AUTORELEASING = YES;
				CLANG_WARN_BOOL_CONVERSION = YES;
				CLANG_WARN_COMMA = YES;
				CLANG_WARN_CONSTANT_CONVERSION = YES;
				CLANG_WARN_DEPRECATED_OBJC_IMPLEMENTATIONS = YES;
				CLANG_WARN_DIRECT_OBJC_ISA_USAGE = YES_ERROR;
				CLANG_WARN_DOCUMENTATION_COMMENTS = YES;
				CLANG_WARN_EMPTY_BODY = YES;
				CLANG_WARN_ENUM_CONVERSION = YES;
				CLANG_WARN_INFINITE_RECURSION = YES;
				CLANG_WARN_INT_CONVERSION = YES;
				CLANG_WARN_NON_LITERAL_NULL_CONVERSION = YES;
				CLANG_WARN_OBJC_IMPLICIT_RETAIN_SELF = YES;
				CLANG_WARN_OBJC_LITERAL_CONVERSION = YES;
				CLANG_WARN_OBJC_ROOT_CLASS = YES_ERROR;
				CLANG_WARN_QUOTED_INCLUDE_IN_FRAMEWORK_HEADER = YES;
				CLANG_WARN_RANGE_LOOP_ANALYSIS = YES;
				CLANG_WARN_STRICT_PROTOTYPES = YES;
				CLANG_WARN_SUSPICIOUS_MOVE = YES;
				CLANG_WARN_UNGUARDED_AVAILABILITY = YES_AGGRESSIVE;
				CLANG_WARN_UNREACHABLE_CODE = YES;
				CLANG_WARN__DUPLICATE_METHOD_MATCH = YES;
				COPY_PHASE_STRIP = NO;
				DEBUG_INFORMATION_FORMAT = "dwarf-with-dsym";
				ENABLE_NS_ASSERTIONS = NO;
				ENABLE_STRICT_OBJC_MSGSEND = YES;
				GCC_C_LANGUAGE_STANDARD = gnu11;
				GCC_NO_COMMON_BLOCKS = YES;
				GCC_WARN_64_TO_32_BIT_CONVERSION = YES;
				GCC_WARN_ABOUT_RETURN_TYPE = YES_ERROR;
				GCC_WARN_UNDECLARED_SELECTOR = YES;
				GCC_WARN_UNINITIALIZED_AUTOS = YES_AGGRESSIVE;
				GCC_WARN_UNUSED_FUNCTION = YES;
				GCC_WARN_UNUSED_VARIABLE = YES;
				IPHONEOS_DEPLOYMENT_TARGET = 14.5;
				MTL_ENABLE_DEBUG_INFO = NO;
				MTL_FAST_MATH = YES;
				SDKROOT = iphoneos;
				SWIFT_COMPILATION_MODE = wholemodule;
				SWIFT_OPTIMIZATION_LEVEL = "-O";
				VALIDATE_PRODUCT = YES;
			};
			name = Release;
		};
		68B4276926491357008F9D76 /* Debug */ = {
			isa = XCBuildConfiguration;
			buildSettings = {
				ASSETCATALOG_COMPILER_APPICON_NAME = AppIcon;
				ASSETCATALOG_COMPILER_GLOBAL_ACCENT_COLOR_NAME = AccentColor;
				CODE_SIGN_STYLE = Automatic;
				DEVELOPMENT_TEAM = PK5GMP355X;
				INFOPLIST_FILE = HelloCollection/Supporting/Info.plist;
				LD_RUNPATH_SEARCH_PATHS = (
					"$(inherited)",
					"@executable_path/Frameworks",
				);
				PRODUCT_BUNDLE_IDENTIFIER = ru.kelevra.PhotoTaps;
				PRODUCT_NAME = "$(TARGET_NAME)";
				SWIFT_VERSION = 5.0;
				TARGETED_DEVICE_FAMILY = 1;
			};
			name = Debug;
		};
		68B4276A26491357008F9D76 /* Release */ = {
			isa = XCBuildConfiguration;
			buildSettings = {
				ASSETCATALOG_COMPILER_APPICON_NAME = AppIcon;
				ASSETCATALOG_COMPILER_GLOBAL_ACCENT_COLOR_NAME = AccentColor;
				CODE_SIGN_STYLE = Automatic;
				DEVELOPMENT_TEAM = PK5GMP355X;
				INFOPLIST_FILE = HelloCollection/Supporting/Info.plist;
				LD_RUNPATH_SEARCH_PATHS = (
					"$(inherited)",
					"@executable_path/Frameworks",
				);
				PRODUCT_BUNDLE_IDENTIFIER = ru.kelevra.PhotoTaps;
				PRODUCT_NAME = "$(TARGET_NAME)";
				SWIFT_VERSION = 5.0;
				TARGETED_DEVICE_FAMILY = 1;
			};
			name = Release;
		};
/* End XCBuildConfiguration section */

/* Begin XCConfigurationList section */
		68B4274F26491356008F9D76 /* Build configuration list for PBXProject "PhotoTaps" */ = {
			isa = XCConfigurationList;
			buildConfigurations = (
				68B4276626491357008F9D76 /* Debug */,
				68B4276726491357008F9D76 /* Release */,
			);
			defaultConfigurationIsVisible = 0;
			defaultConfigurationName = Release;
		};
		68B4276826491357008F9D76 /* Build configuration list for PBXNativeTarget "PhotoTaps" */ = {
			isa = XCConfigurationList;
			buildConfigurations = (
				68B4276926491357008F9D76 /* Debug */,
				68B4276A26491357008F9D76 /* Release */,
			);
			defaultConfigurationIsVisible = 0;
			defaultConfigurationName = Release;
		};
/* End XCConfigurationList section */
	};
	rootObject = 68B4274C26491356008F9D76 /* Project object */;
}
